// !$*UTF8*$!
{
	archiveVersion = 1;
	classes = {
	};
	objectVersion = 50;
	objects = {

/* Begin PBXBuildFile section */
		1FDB8ADF224E3513007BCC69 /* AppDelegate.swift in Sources */ = {isa = PBXBuildFile; fileRef = 1FDB8ADE224E3513007BCC69 /* AppDelegate.swift */; };
		1FDB8AE1224E3513007BCC69 /* ViewController.swift in Sources */ = {isa = PBXBuildFile; fileRef = 1FDB8AE0224E3513007BCC69 /* ViewController.swift */; };
		1FDB8AE4224E3513007BCC69 /* Main.storyboard in Resources */ = {isa = PBXBuildFile; fileRef = 1FDB8AE2224E3513007BCC69 /* Main.storyboard */; };
		1FDB8AE6224E3514007BCC69 /* Assets.xcassets in Resources */ = {isa = PBXBuildFile; fileRef = 1FDB8AE5224E3514007BCC69 /* Assets.xcassets */; };
		1FDB8AE9224E3514007BCC69 /* LaunchScreen.storyboard in Resources */ = {isa = PBXBuildFile; fileRef = 1FDB8AE7224E3514007BCC69 /* LaunchScreen.storyboard */; };
		1FDB8AF4224E3514007BCC69 /* ArFaceTrakingTests.swift in Sources */ = {isa = PBXBuildFile; fileRef = 1FDB8AF3224E3514007BCC69 /* ArFaceTrakingTests.swift */; };
		1FDB8AFF224E3514007BCC69 /* ArFaceTrakingUITests.swift in Sources */ = {isa = PBXBuildFile; fileRef = 1FDB8AFE224E3514007BCC69 /* ArFaceTrakingUITests.swift */; };
		1FDB8B12224E38DF007BCC69 /* Models.scnassets in Resources */ = {isa = PBXBuildFile; fileRef = 1FDB8B11224E38DF007BCC69 /* Models.scnassets */; };
/* End PBXBuildFile section */

/* Begin PBXContainerItemProxy section */
		1FDB8AF0224E3514007BCC69 /* PBXContainerItemProxy */ = {
			isa = PBXContainerItemProxy;
			containerPortal = 1FDB8AD3224E3513007BCC69 /* Project object */;
			proxyType = 1;
			remoteGlobalIDString = 1FDB8ADA224E3513007BCC69;
			remoteInfo = ArFaceTraking;
		};
		1FDB8AFB224E3514007BCC69 /* PBXContainerItemProxy */ = {
			isa = PBXContainerItemProxy;
			containerPortal = 1FDB8AD3224E3513007BCC69 /* Project object */;
			proxyType = 1;
			remoteGlobalIDString = 1FDB8ADA224E3513007BCC69;
			remoteInfo = ArFaceTraking;
		};
/* End PBXContainerItemProxy section */

/* Begin PBXFileReference section */
		1FDB8ADB224E3513007BCC69 /* ArFaceTraking.app */ = {isa = PBXFileReference; explicitFileType = wrapper.application; includeInIndex = 0; path = ArFaceTraking.app; sourceTree = BUILT_PRODUCTS_DIR; };
		1FDB8ADE224E3513007BCC69 /* AppDelegate.swift */ = {isa = PBXFileReference; lastKnownFileType = sourcecode.swift; path = AppDelegate.swift; sourceTree = "<group>"; };
		1FDB8AE0224E3513007BCC69 /* ViewController.swift */ = {isa = PBXFileReference; lastKnownFileType = sourcecode.swift; path = ViewController.swift; sourceTree = "<group>"; };
		1FDB8AE3224E3513007BCC69 /* Base */ = {isa = PBXFileReference; lastKnownFileType = file.storyboard; name = Base; path = Base.lproj/Main.storyboard; sourceTree = "<group>"; };
		1FDB8AE5224E3514007BCC69 /* Assets.xcassets */ = {isa = PBXFileReference; lastKnownFileType = folder.assetcatalog; path = Assets.xcassets; sourceTree = "<group>"; };
		1FDB8AE8224E3514007BCC69 /* Base */ = {isa = PBXFileReference; lastKnownFileType = file.storyboard; name = Base; path = Base.lproj/LaunchScreen.storyboard; sourceTree = "<group>"; };
		1FDB8AEA224E3514007BCC69 /* Info.plist */ = {isa = PBXFileReference; lastKnownFileType = text.plist.xml; path = Info.plist; sourceTree = "<group>"; };
		1FDB8AEF224E3514007BCC69 /* ArFaceTrakingTests.xctest */ = {isa = PBXFileReference; explicitFileType = wrapper.cfbundle; includeInIndex = 0; path = ArFaceTrakingTests.xctest; sourceTree = BUILT_PRODUCTS_DIR; };
		1FDB8AF3224E3514007BCC69 /* ArFaceTrakingTests.swift */ = {isa = PBXFileReference; lastKnownFileType = sourcecode.swift; path = ArFaceTrakingTests.swift; sourceTree = "<group>"; };
		1FDB8AF5224E3514007BCC69 /* Info.plist */ = {isa = PBXFileReference; lastKnownFileType = text.plist.xml; path = Info.plist; sourceTree = "<group>"; };
		1FDB8AFA224E3514007BCC69 /* ArFaceTrakingUITests.xctest */ = {isa = PBXFileReference; explicitFileType = wrapper.cfbundle; includeInIndex = 0; path = ArFaceTrakingUITests.xctest; sourceTree = BUILT_PRODUCTS_DIR; };
		1FDB8AFE224E3514007BCC69 /* ArFaceTrakingUITests.swift */ = {isa = PBXFileReference; lastKnownFileType = sourcecode.swift; path = ArFaceTrakingUITests.swift; sourceTree = "<group>"; };
		1FDB8B00224E3514007BCC69 /* Info.plist */ = {isa = PBXFileReference; lastKnownFileType = text.plist.xml; path = Info.plist; sourceTree = "<group>"; };
		1FDB8B11224E38DF007BCC69 /* Models.scnassets */ = {isa = PBXFileReference; lastKnownFileType = wrapper.scnassets; path = Models.scnassets; sourceTree = "<group>"; };
/* End PBXFileReference section */

/* Begin PBXFrameworksBuildPhase section */
		1FDB8AD8224E3513007BCC69 /* Frameworks */ = {
			isa = PBXFrameworksBuildPhase;
			buildActionMask = 2147483647;
			files = (
			);
			runOnlyForDeploymentPostprocessing = 0;
		};
		1FDB8AEC224E3514007BCC69 /* Frameworks */ = {
			isa = PBXFrameworksBuildPhase;
			buildActionMask = 2147483647;
			files = (
			);
			runOnlyForDeploymentPostprocessing = 0;
		};
		1FDB8AF7224E3514007BCC69 /* Frameworks */ = {
			isa = PBXFrameworksBuildPhase;
			buildActionMask = 2147483647;
			files = (
			);
			runOnlyForDeploymentPostprocessing = 0;
		};
/* End PBXFrameworksBuildPhase section */

/* Begin PBXGroup section */
		1FDB8AD2224E3513007BCC69 = {
			isa = PBXGroup;
			children = (
				1FDB8ADD224E3513007BCC69 /* ArFaceTraking */,
				1FDB8AF2224E3514007BCC69 /* ArFaceTrakingTests */,
				1FDB8AFD224E3514007BCC69 /* ArFaceTrakingUITests */,
				1FDB8ADC224E3513007BCC69 /* Products */,
			);
			sourceTree = "<group>";
		};
		1FDB8ADC224E3513007BCC69 /* Products */ = {
			isa = PBXGroup;
			children = (
				1FDB8ADB224E3513007BCC69 /* ArFaceTraking.app */,
				1FDB8AEF224E3514007BCC69 /* ArFaceTrakingTests.xctest */,
				1FDB8AFA224E3514007BCC69 /* ArFaceTrakingUITests.xctest */,
			);
			name = Products;
			sourceTree = "<group>";
		};
		1FDB8ADD224E3513007BCC69 /* ArFaceTraking */ = {
			isa = PBXGroup;
			children = (
				1FDB8B0C224E3764007BCC69 /* Resources */,
				1FDB8ADE224E3513007BCC69 /* AppDelegate.swift */,
				1FDB8AE0224E3513007BCC69 /* ViewController.swift */,
				1FDB8AE2224E3513007BCC69 /* Main.storyboard */,
				1FDB8AE5224E3514007BCC69 /* Assets.xcassets */,
				1FDB8AE7224E3514007BCC69 /* LaunchScreen.storyboard */,
				1FDB8AEA224E3514007BCC69 /* Info.plist */,
			);
			path = ArFaceTraking;
			sourceTree = "<group>";
		};
		1FDB8AF2224E3514007BCC69 /* ArFaceTrakingTests */ = {
			isa = PBXGroup;
			children = (
				1FDB8AF3224E3514007BCC69 /* ArFaceTrakingTests.swift */,
				1FDB8AF5224E3514007BCC69 /* Info.plist */,
			);
			path = ArFaceTrakingTests;
			sourceTree = "<group>";
		};
		1FDB8AFD224E3514007BCC69 /* ArFaceTrakingUITests */ = {
			isa = PBXGroup;
			children = (
				1FDB8AFE224E3514007BCC69 /* ArFaceTrakingUITests.swift */,
				1FDB8B00224E3514007BCC69 /* Info.plist */,
			);
			path = ArFaceTrakingUITests;
			sourceTree = "<group>";
		};
		1FDB8B0C224E3764007BCC69 /* Resources */ = {
			isa = PBXGroup;
			children = (
				1FDB8B11224E38DF007BCC69 /* Models.scnassets */,
			);
			path = Resources;
			sourceTree = "<group>";
		};
/* End PBXGroup section */

/* Begin PBXNativeTarget section */
		1FDB8ADA224E3513007BCC69 /* ArFaceTraking */ = {
			isa = PBXNativeTarget;
			buildConfigurationList = 1FDB8B03224E3514007BCC69 /* Build configuration list for PBXNativeTarget "ArFaceTraking" */;
			buildPhases = (
				1FDB8AD7224E3513007BCC69 /* Sources */,
				1FDB8AD8224E3513007BCC69 /* Frameworks */,
				1FDB8AD9224E3513007BCC69 /* Resources */,
			);
			buildRules = (
			);
			dependencies = (
			);
			name = ArFaceTraking;
			productName = ArFaceTraking;
			productReference = 1FDB8ADB224E3513007BCC69 /* ArFaceTraking.app */;
			productType = "com.apple.product-type.application";
		};
		1FDB8AEE224E3514007BCC69 /* ArFaceTrakingTests */ = {
			isa = PBXNativeTarget;
			buildConfigurationList = 1FDB8B06224E3514007BCC69 /* Build configuration list for PBXNativeTarget "ArFaceTrakingTests" */;
			buildPhases = (
				1FDB8AEB224E3514007BCC69 /* Sources */,
				1FDB8AEC224E3514007BCC69 /* Frameworks */,
				1FDB8AED224E3514007BCC69 /* Resources */,
			);
			buildRules = (
			);
			dependencies = (
				1FDB8AF1224E3514007BCC69 /* PBXTargetDependency */,
			);
			name = ArFaceTrakingTests;
			productName = ArFaceTrakingTests;
			productReference = 1FDB8AEF224E3514007BCC69 /* ArFaceTrakingTests.xctest */;
			productType = "com.apple.product-type.bundle.unit-test";
		};
		1FDB8AF9224E3514007BCC69 /* ArFaceTrakingUITests */ = {
			isa = PBXNativeTarget;
			buildConfigurationList = 1FDB8B09224E3514007BCC69 /* Build configuration list for PBXNativeTarget "ArFaceTrakingUITests" */;
			buildPhases = (
				1FDB8AF6224E3514007BCC69 /* Sources */,
				1FDB8AF7224E3514007BCC69 /* Frameworks */,
				1FDB8AF8224E3514007BCC69 /* Resources */,
			);
			buildRules = (
			);
			dependencies = (
				1FDB8AFC224E3514007BCC69 /* PBXTargetDependency */,
			);
			name = ArFaceTrakingUITests;
			productName = ArFaceTrakingUITests;
			productReference = 1FDB8AFA224E3514007BCC69 /* ArFaceTrakingUITests.xctest */;
			productType = "com.apple.product-type.bundle.ui-testing";
		};
/* End PBXNativeTarget section */

/* Begin PBXProject section */
		1FDB8AD3224E3513007BCC69 /* Project object */ = {
			isa = PBXProject;
			attributes = {
				LastSwiftUpdateCheck = 1010;
				LastUpgradeCheck = 1010;
				ORGANIZATIONNAME = "Viviana Parolisi";
				TargetAttributes = {
					1FDB8ADA224E3513007BCC69 = {
						CreatedOnToolsVersion = 10.1;
					};
					1FDB8AEE224E3514007BCC69 = {
						CreatedOnToolsVersion = 10.1;
						TestTargetID = 1FDB8ADA224E3513007BCC69;
					};
					1FDB8AF9224E3514007BCC69 = {
						CreatedOnToolsVersion = 10.1;
						TestTargetID = 1FDB8ADA224E3513007BCC69;
					};
				};
			};
			buildConfigurationList = 1FDB8AD6224E3513007BCC69 /* Build configuration list for PBXProject "ArFaceTraking" */;
			compatibilityVersion = "Xcode 9.3";
			developmentRegion = en;
			hasScannedForEncodings = 0;
			knownRegions = (
				en,
				Base,
			);
			mainGroup = 1FDB8AD2224E3513007BCC69;
			productRefGroup = 1FDB8ADC224E3513007BCC69 /* Products */;
			projectDirPath = "";
			projectRoot = "";
			targets = (
				1FDB8ADA224E3513007BCC69 /* ArFaceTraking */,
				1FDB8AEE224E3514007BCC69 /* ArFaceTrakingTests */,
				1FDB8AF9224E3514007BCC69 /* ArFaceTrakingUITests */,
			);
		};
/* End PBXProject section */

/* Begin PBXResourcesBuildPhase section */
		1FDB8AD9224E3513007BCC69 /* Resources */ = {
			isa = PBXResourcesBuildPhase;
			buildActionMask = 2147483647;
			files = (
				1FDB8AE9224E3514007BCC69 /* LaunchScreen.storyboard in Resources */,
				1FDB8AE6224E3514007BCC69 /* Assets.xcassets in Resources */,
				1FDB8AE4224E3513007BCC69 /* Main.storyboard in Resources */,
				1FDB8B12224E38DF007BCC69 /* Models.scnassets in Resources */,
			);
			runOnlyForDeploymentPostprocessing = 0;
		};
		1FDB8AED224E3514007BCC69 /* Resources */ = {
			isa = PBXResourcesBuildPhase;
			buildActionMask = 2147483647;
			files = (
			);
			runOnlyForDeploymentPostprocessing = 0;
		};
		1FDB8AF8224E3514007BCC69 /* Resources */ = {
			isa = PBXResourcesBuildPhase;
			buildActionMask = 2147483647;
			files = (
			);
			runOnlyForDeploymentPostprocessing = 0;
		};
/* End PBXResourcesBuildPhase section */

/* Begin PBXSourcesBuildPhase section */
		1FDB8AD7224E3513007BCC69 /* Sources */ = {
			isa = PBXSourcesBuildPhase;
			buildActionMask = 2147483647;
			files = (
				1FDB8AE1224E3513007BCC69 /* ViewController.swift in Sources */,
				1FDB8ADF224E3513007BCC69 /* AppDelegate.swift in Sources */,
			);
			runOnlyForDeploymentPostprocessing = 0;
		};
		1FDB8AEB224E3514007BCC69 /* Sources */ = {
			isa = PBXSourcesBuildPhase;
			buildActionMask = 2147483647;
			files = (
				1FDB8AF4224E3514007BCC69 /* ArFaceTrakingTests.swift in Sources */,
			);
			runOnlyForDeploymentPostprocessing = 0;
		};
		1FDB8AF6224E3514007BCC69 /* Sources */ = {
			isa = PBXSourcesBuildPhase;
			buildActionMask = 2147483647;
			files = (
				1FDB8AFF224E3514007BCC69 /* ArFaceTrakingUITests.swift in Sources */,
			);
			runOnlyForDeploymentPostprocessing = 0;
		};
/* End PBXSourcesBuildPhase section */

/* Begin PBXTargetDependency section */
		1FDB8AF1224E3514007BCC69 /* PBXTargetDependency */ = {
			isa = PBXTargetDependency;
			target = 1FDB8ADA224E3513007BCC69 /* ArFaceTraking */;
			targetProxy = 1FDB8AF0224E3514007BCC69 /* PBXContainerItemProxy */;
		};
		1FDB8AFC224E3514007BCC69 /* PBXTargetDependency */ = {
			isa = PBXTargetDependency;
			target = 1FDB8ADA224E3513007BCC69 /* ArFaceTraking */;
			targetProxy = 1FDB8AFB224E3514007BCC69 /* PBXContainerItemProxy */;
		};
/* End PBXTargetDependency section */

/* Begin PBXVariantGroup section */
		1FDB8AE2224E3513007BCC69 /* Main.storyboard */ = {
			isa = PBXVariantGroup;
			children = (
				1FDB8AE3224E3513007BCC69 /* Base */,
			);
			name = Main.storyboard;
			sourceTree = "<group>";
		};
		1FDB8AE7224E3514007BCC69 /* LaunchScreen.storyboard */ = {
			isa = PBXVariantGroup;
			children = (
				1FDB8AE8224E3514007BCC69 /* Base */,
			);
			name = LaunchScreen.storyboard;
			sourceTree = "<group>";
		};
/* End PBXVariantGroup section */

/* Begin XCBuildConfiguration section */
		1FDB8B01224E3514007BCC69 /* Debug */ = {
			isa = XCBuildConfiguration;
			buildSettings = {
				ALWAYS_SEARCH_USER_PATHS = NO;
				CLANG_ANALYZER_NONNULL = YES;
				CLANG_ANALYZER_NUMBER_OBJECT_CONVERSION = YES_AGGRESSIVE;
				CLANG_CXX_LANGUAGE_STANDARD = "gnu++14";
				CLANG_CXX_LIBRARY = "libc++";
				CLANG_ENABLE_MODULES = YES;
				CLANG_ENABLE_OBJC_ARC = YES;
				CLANG_ENABLE_OBJC_WEAK = YES;
				CLANG_WARN_BLOCK_CAPTURE_AUTORELEASING = YES;
				CLANG_WARN_BOOL_CONVERSION = YES;
				CLANG_WARN_COMMA = YES;
				CLANG_WARN_CONSTANT_CONVERSION = YES;
				CLANG_WARN_DEPRECATED_OBJC_IMPLEMENTATIONS = YES;
				CLANG_WARN_DIRECT_OBJC_ISA_USAGE = YES_ERROR;
				CLANG_WARN_DOCUMENTATION_COMMENTS = YES;
				CLANG_WARN_EMPTY_BODY = YES;
				CLANG_WARN_ENUM_CONVERSION = YES;
				CLANG_WARN_INFINITE_RECURSION = YES;
				CLANG_WARN_INT_CONVERSION = YES;
				CLANG_WARN_NON_LITERAL_NULL_CONVERSION = YES;
				CLANG_WARN_OBJC_IMPLICIT_RETAIN_SELF = YES;
				CLANG_WARN_OBJC_LITERAL_CONVERSION = YES;
				CLANG_WARN_OBJC_ROOT_CLASS = YES_ERROR;
				CLANG_WARN_RANGE_LOOP_ANALYSIS = YES;
				CLANG_WARN_STRICT_PROTOTYPES = YES;
				CLANG_WARN_SUSPICIOUS_MOVE = YES;
				CLANG_WARN_UNGUARDED_AVAILABILITY = YES_AGGRESSIVE;
				CLANG_WARN_UNREACHABLE_CODE = YES;
				CLANG_WARN__DUPLICATE_METHOD_MATCH = YES;
				CODE_SIGN_IDENTITY = "iPhone Developer";
				COPY_PHASE_STRIP = NO;
				DEBUG_INFORMATION_FORMAT = dwarf;
				ENABLE_STRICT_OBJC_MSGSEND = YES;
				ENABLE_TESTABILITY = YES;
				GCC_C_LANGUAGE_STANDARD = gnu11;
				GCC_DYNAMIC_NO_PIC = NO;
				GCC_NO_COMMON_BLOCKS = YES;
				GCC_OPTIMIZATION_LEVEL = 0;
				GCC_PREPROCESSOR_DEFINITIONS = (
					"DEBUG=1",
					"$(inherited)",
				);
				GCC_WARN_64_TO_32_BIT_CONVERSION = YES;
				GCC_WARN_ABOUT_RETURN_TYPE = YES_ERROR;
				GCC_WARN_UNDECLARED_SELECTOR = YES;
				GCC_WARN_UNINITIALIZED_AUTOS = YES_AGGRESSIVE;
				GCC_WARN_UNUSED_FUNCTION = YES;
				GCC_WARN_UNUSED_VARIABLE = YES;
				IPHONEOS_DEPLOYMENT_TARGET = 12.1;
				MTL_ENABLE_DEBUG_INFO = INCLUDE_SOURCE;
				MTL_FAST_MATH = YES;
				ONLY_ACTIVE_ARCH = YES;
				SDKROOT = iphoneos;
				SWIFT_ACTIVE_COMPILATION_CONDITIONS = DEBUG;
				SWIFT_OPTIMIZATION_LEVEL = "-Onone";
			};
			name = Debug;
		};
		1FDB8B02224E3514007BCC69 /* Release */ = {
			isa = XCBuildConfiguration;
			buildSettings = {
				ALWAYS_SEARCH_USER_PATHS = NO;
				CLANG_ANALYZER_NONNULL = YES;
				CLANG_ANALYZER_NUMBER_OBJECT_CONVERSION = YES_AGGRESSIVE;
				CLANG_CXX_LANGUAGE_STANDARD = "gnu++14";
				CLANG_CXX_LIBRARY = "libc++";
				CLANG_ENABLE_MODULES = YES;
				CLANG_ENABLE_OBJC_ARC = YES;
				CLANG_ENABLE_OBJC_WEAK = YES;
				CLANG_WARN_BLOCK_CAPTURE_AUTORELEASING = YES;
				CLANG_WARN_BOOL_CONVERSION = YES;
				CLANG_WARN_COMMA = YES;
				CLANG_WARN_CONSTANT_CONVERSION = YES;
				CLANG_WARN_DEPRECATED_OBJC_IMPLEMENTATIONS = YES;
				CLANG_WARN_DIRECT_OBJC_ISA_USAGE = YES_ERROR;
				CLANG_WARN_DOCUMENTATION_COMMENTS = YES;
				CLANG_WARN_EMPTY_BODY = YES;
				CLANG_WARN_ENUM_CONVERSION = YES;
				CLANG_WARN_INFINITE_RECURSION = YES;
				CLANG_WARN_INT_CONVERSION = YES;
				CLANG_WARN_NON_LITERAL_NULL_CONVERSION = YES;
				CLANG_WARN_OBJC_IMPLICIT_RETAIN_SELF = YES;
				CLANG_WARN_OBJC_LITERAL_CONVERSION = YES;
				CLANG_WARN_OBJC_ROOT_CLASS = YES_ERROR;
				CLANG_WARN_RANGE_LOOP_ANALYSIS = YES;
				CLANG_WARN_STRICT_PROTOTYPES = YES;
				CLANG_WARN_SUSPICIOUS_MOVE = YES;
				CLANG_WARN_UNGUARDED_AVAILABILITY = YES_AGGRESSIVE;
				CLANG_WARN_UNREACHABLE_CODE = YES;
				CLANG_WARN__DUPLICATE_METHOD_MATCH = YES;
				CODE_SIGN_IDENTITY = "iPhone Developer";
				COPY_PHASE_STRIP = NO;
				DEBUG_INFORMATION_FORMAT = "dwarf-with-dsym";
				ENABLE_NS_ASSERTIONS = NO;
				ENABLE_STRICT_OBJC_MSGSEND = YES;
				GCC_C_LANGUAGE_STANDARD = gnu11;
				GCC_NO_COMMON_BLOCKS = YES;
				GCC_WARN_64_TO_32_BIT_CONVERSION = YES;
				GCC_WARN_ABOUT_RETURN_TYPE = YES_ERROR;
				GCC_WARN_UNDECLARED_SELECTOR = YES;
				GCC_WARN_UNINITIALIZED_AUTOS = YES_AGGRESSIVE;
				GCC_WARN_UNUSED_FUNCTION = YES;
				GCC_WARN_UNUSED_VARIABLE = YES;
				IPHONEOS_DEPLOYMENT_TARGET = 12.1;
				MTL_ENABLE_DEBUG_INFO = NO;
				MTL_FAST_MATH = YES;
				SDKROOT = iphoneos;
				SWIFT_COMPILATION_MODE = wholemodule;
				SWIFT_OPTIMIZATION_LEVEL = "-O";
				VALIDATE_PRODUCT = YES;
			};
			name = Release;
		};
		1FDB8B04224E3514007BCC69 /* Debug */ = {
			isa = XCBuildConfiguration;
			buildSettings = {
				ASSETCATALOG_COMPILER_APPICON_NAME = AppIcon;
				CODE_SIGN_STYLE = Automatic;
				DEVELOPMENT_TEAM = PZBP22QQCA;
				INFOPLIST_FILE = ArFaceTraking/Info.plist;
				LD_RUNPATH_SEARCH_PATHS = (
					"$(inherited)",
					"@executable_path/Frameworks",
				);
				PRODUCT_BUNDLE_IDENTIFIER = S.A.V.E..ArFaceTraking;
				PRODUCT_NAME = "$(TARGET_NAME)";
				SWIFT_VERSION = 4.2;
				TARGETED_DEVICE_FAMILY = "1,2";
			};
			name = Debug;
		};
		1FDB8B05224E3514007BCC69 /* Release */ = {
			isa = XCBuildConfiguration;
			buildSettings = {
				ASSETCATALOG_COMPILER_APPICON_NAME = AppIcon;
				CODE_SIGN_STYLE = Automatic;
				DEVELOPMENT_TEAM = PZBP22QQCA;
				INFOPLIST_FILE = ArFaceTraking/Info.plist;
				LD_RUNPATH_SEARCH_PATHS = (
					"$(inherited)",
					"@executable_path/Frameworks",
				);
				PRODUCT_BUNDLE_IDENTIFIER = S.A.V.E..ArFaceTraking;
				PRODUCT_NAME = "$(TARGET_NAME)";
				SWIFT_VERSION = 4.2;
				TARGETED_DEVICE_FAMILY = "1,2";
			};
			name = Release;
		};
		1FDB8B07224E3514007BCC69 /* Debug */ = {
			isa = XCBuildConfiguration;
			buildSettings = {
				ALWAYS_EMBED_SWIFT_STANDARD_LIBRARIES = YES;
				BUNDLE_LOADER = "$(TEST_HOST)";
				CODE_SIGN_STYLE = Automatic;
				INFOPLIST_FILE = ArFaceTrakingTests/Info.plist;
				LD_RUNPATH_SEARCH_PATHS = (
					"$(inherited)",
					"@executable_path/Frameworks",
					"@loader_path/Frameworks",
				);
				PRODUCT_BUNDLE_IDENTIFIER = S.A.V.E..ArFaceTrakingTests;
				PRODUCT_NAME = "$(TARGET_NAME)";
				SWIFT_VERSION = 4.2;
				TARGETED_DEVICE_FAMILY = "1,2";
				TEST_HOST = "$(BUILT_PRODUCTS_DIR)/ArFaceTraking.app/ArFaceTraking";
			};
			name = Debug;
		};
		1FDB8B08224E3514007BCC69 /* Release */ = {
			isa = XCBuildConfiguration;
			buildSettings = {
				ALWAYS_EMBED_SWIFT_STANDARD_LIBRARIES = YES;
				BUNDLE_LOADER = "$(TEST_HOST)";
				CODE_SIGN_STYLE = Automatic;
				INFOPLIST_FILE = ArFaceTrakingTests/Info.plist;
				LD_RUNPATH_SEARCH_PATHS = (
					"$(inherited)",
					"@executable_path/Frameworks",
					"@loader_path/Frameworks",
				);
				PRODUCT_BUNDLE_IDENTIFIER = S.A.V.E..ArFaceTrakingTests;
				PRODUCT_NAME = "$(TARGET_NAME)";
				SWIFT_VERSION = 4.2;
				TARGETED_DEVICE_FAMILY = "1,2";
				TEST_HOST = "$(BUILT_PRODUCTS_DIR)/ArFaceTraking.app/ArFaceTraking";
			};
			name = Release;
		};
		1FDB8B0A224E3514007BCC69 /* Debug */ = {
			isa = XCBuildConfiguration;
			buildSettings = {
				ALWAYS_EMBED_SWIFT_STANDARD_LIBRARIES = YES;
				CODE_SIGN_STYLE = Automatic;
				INFOPLIST_FILE = ArFaceTrakingUITests/Info.plist;
				LD_RUNPATH_SEARCH_PATHS = (
					"$(inherited)",
					"@executable_path/Frameworks",
					"@loader_path/Frameworks",
				);
				PRODUCT_BUNDLE_IDENTIFIER = S.A.V.E..ArFaceTrakingUITests;
				PRODUCT_NAME = "$(TARGET_NAME)";
				SWIFT_VERSION = 4.2;
				TARGETED_DEVICE_FAMILY = "1,2";
				TEST_TARGET_NAME = ArFaceTraking;
			};
			name = Debug;
		};
		1FDB8B0B224E3514007BCC69 /* Release */ = {
			isa = XCBuildConfiguration;
			buildSettings = {
				ALWAYS_EMBED_SWIFT_STANDARD_LIBRARIES = YES;
				CODE_SIGN_STYLE = Automatic;
				INFOPLIST_FILE = ArFaceTrakingUITests/Info.plist;
				LD_RUNPATH_SEARCH_PATHS = (
					"$(inherited)",
					"@executable_path/Frameworks",
					"@loader_path/Frameworks",
				);
				PRODUCT_BUNDLE_IDENTIFIER = S.A.V.E..ArFaceTrakingUITests;
				PRODUCT_NAME = "$(TARGET_NAME)";
				SWIFT_VERSION = 4.2;
				TARGETED_DEVICE_FAMILY = "1,2";
				TEST_TARGET_NAME = ArFaceTraking;
			};
			name = Release;
		};
/* End XCBuildConfiguration section */

/* Begin XCConfigurationList section */
		1FDB8AD6224E3513007BCC69 /* Build configuration list for PBXProject "ArFaceTraking" */ = {
			isa = XCConfigurationList;
			buildConfigurations = (
				1FDB8B01224E3514007BCC69 /* Debug */,
				1FDB8B02224E3514007BCC69 /* Release */,
			);
			defaultConfigurationIsVisible = 0;
			defaultConfigurationName = Release;
		};
		1FDB8B03224E3514007BCC69 /* Build configuration list for PBXNativeTarget "ArFaceTraking" */ = {
			isa = XCConfigurationList;
			buildConfigurations = (
				1FDB8B04224E3514007BCC69 /* Debug */,
				1FDB8B05224E3514007BCC69 /* Release */,
			);
			defaultConfigurationIsVisible = 0;
			defaultConfigurationName = Release;
		};
		1FDB8B06224E3514007BCC69 /* Build configuration list for PBXNativeTarget "ArFaceTrakingTests" */ = {
			isa = XCConfigurationList;
			buildConfigurations = (
				1FDB8B07224E3514007BCC69 /* Debug */,
				1FDB8B08224E3514007BCC69 /* Release */,
			);
			defaultConfigurationIsVisible = 0;
			defaultConfigurationName = Release;
		};
		1FDB8B09224E3514007BCC69 /* Build configuration list for PBXNativeTarget "ArFaceTrakingUITests" */ = {
			isa = XCConfigurationList;
			buildConfigurations = (
				1FDB8B0A224E3514007BCC69 /* Debug */,
				1FDB8B0B224E3514007BCC69 /* Release */,
			);
			defaultConfigurationIsVisible = 0;
			defaultConfigurationName = Release;
		};
/* End XCConfigurationList section */
	};
	rootObject = 1FDB8AD3224E3513007BCC69 /* Project object */;
}
